
Microsoft Visual Studio Solution File, Format Version 12.00
# Visual Studio Version 17
VisualStudioVersion = 17.7.34024.191
MinimumVisualStudioVersion = 10.0.40219.1
Project("{FAE04EC0-301F-11D3-BF4B-00C04F79EFBC}") = "Deliverable1", "Deliverable1\Deliverable1.csproj", "{225D28CD-2416-4851-8DAA-39B7D4046C42}"
EndProject
Global
	GlobalSection(SolutionConfigurationPlatforms) = preSolution
		Debug|Any CPU = Debug|Any CPU
		Release|Any CPU = Release|Any CPU
	EndGlobalSection
	GlobalSection(ProjectConfigurationPlatforms) = postSolution
		{225D28CD-2416-4851-8DAA-39B7D4046C42}.Debug|Any CPU.ActiveCfg = Debug|Any CPU
		{225D28CD-2416-4851-8DAA-39B7D4046C42}.Debug|Any CPU.Build.0 = Debug|Any CPU
		{225D28CD-2416-4851-8DAA-39B7D4046C42}.Release|Any CPU.ActiveCfg = Release|Any CPU
		{225D28CD-2416-4851-8DAA-39B7D4046C42}.Release|Any CPU.Build.0 = Release|Any CPU
	EndGlobalSection
	GlobalSection(SolutionProperties) = preSolution
		HideSolutionNode = FALSE
	EndGlobalSection
	GlobalSection(ExtensibilityGlobals) = postSolution
		SolutionGuid = {79A1C56D-3158-418E-86D5-BB3BC16F0017}
	EndGlobalSection
EndGlobal
